// !$*UTF8*$!
{
	archiveVersion = 1;
	classes = {
	};
	objectVersion = 77;
	objects = {

/* Begin PBXBuildFile section */
		563BF4D12ED8F9FD005F5609 /* Alamofire in Frameworks */ = {isa = PBXBuildFile; productRef = 563BF4D02ED8F9FD005F5609 /* Alamofire */; };
		563BF4D42ED8FA09005F5609 /* SDWebImageSwiftUI in Frameworks */ = {isa = PBXBuildFile; productRef = 563BF4D32ED8FA09005F5609 /* SDWebImageSwiftUI */; };
		563BF4D72ED8FA11005F5609 /* FlowStacks in Frameworks */ = {isa = PBXBuildFile; productRef = 563BF4D62ED8FA11005F5609 /* FlowStacks */; };
/* End PBXBuildFile section */

/* Begin PBXContainerItemProxy section */
		562206F12ED8F788003588E6 /* PBXContainerItemProxy */ = {
			isa = PBXContainerItemProxy;
			containerPortal = 562206DB2ED8F787003588E6 /* Project object */;
			proxyType = 1;
			remoteGlobalIDString = 562206E22ED8F787003588E6;
			remoteInfo = covidApp;
		};
		562206FB2ED8F788003588E6 /* PBXContainerItemProxy */ = {
			isa = PBXContainerItemProxy;
			containerPortal = 562206DB2ED8F787003588E6 /* Project object */;
			proxyType = 1;
			remoteGlobalIDString = 562206E22ED8F787003588E6;
			remoteInfo = covidApp;
		};
/* End PBXContainerItemProxy section */

/* Begin PBXFileReference section */
		562206E32ED8F787003588E6 /* covidApp.app */ = {isa = PBXFileReference; explicitFileType = wrapper.application; includeInIndex = 0; path = covidApp.app; sourceTree = BUILT_PRODUCTS_DIR; };
		562206F02ED8F788003588E6 /* covidAppTests.xctest */ = {isa = PBXFileReference; explicitFileType = wrapper.cfbundle; includeInIndex = 0; path = covidAppTests.xctest; sourceTree = BUILT_PRODUCTS_DIR; };
		562206FA2ED8F788003588E6 /* covidAppUITests.xctest */ = {isa = PBXFileReference; explicitFileType = wrapper.cfbundle; includeInIndex = 0; path = covidAppUITests.xctest; sourceTree = BUILT_PRODUCTS_DIR; };
		564404FB2ED910480019A0B8 /* covidApp.xcodeproj */ = {isa = PBXFileReference; lastKnownFileType = "wrapper.pb-project"; path = covidApp.xcodeproj; sourceTree = "<group>"; };
/* End PBXFileReference section */

/* Begin PBXFileSystemSynchronizedRootGroup section */
		562206E52ED8F787003588E6 /* covidApp */ = {
			isa = PBXFileSystemSynchronizedRootGroup;
			path = covidApp;
			sourceTree = "<group>";
		};
		562206F32ED8F788003588E6 /* covidAppTests */ = {
			isa = PBXFileSystemSynchronizedRootGroup;
			path = covidAppTests;
			sourceTree = "<group>";
		};
		562206FD2ED8F788003588E6 /* covidAppUITests */ = {
			isa = PBXFileSystemSynchronizedRootGroup;
			path = covidAppUITests;
			sourceTree = "<group>";
		};
/* End PBXFileSystemSynchronizedRootGroup section */

/* Begin PBXFrameworksBuildPhase section */
		562206E02ED8F787003588E6 /* Frameworks */ = {
			isa = PBXFrameworksBuildPhase;
			buildActionMask = 2147483647;
			files = (
				563BF4D42ED8FA09005F5609 /* SDWebImageSwiftUI in Frameworks */,
				563BF4D12ED8F9FD005F5609 /* Alamofire in Frameworks */,
				563BF4D72ED8FA11005F5609 /* FlowStacks in Frameworks */,
			);
			runOnlyForDeploymentPostprocessing = 0;
		};
		562206ED2ED8F788003588E6 /* Frameworks */ = {
			isa = PBXFrameworksBuildPhase;
			buildActionMask = 2147483647;
			files = (
			);
			runOnlyForDeploymentPostprocessing = 0;
		};
		562206F72ED8F788003588E6 /* Frameworks */ = {
			isa = PBXFrameworksBuildPhase;
			buildActionMask = 2147483647;
			files = (
			);
			runOnlyForDeploymentPostprocessing = 0;
		};
/* End PBXFrameworksBuildPhase section */

/* Begin PBXGroup section */
		562206DA2ED8F787003588E6 = {
			isa = PBXGroup;
			children = (
				562206E52ED8F787003588E6 /* covidApp */,
				562206F32ED8F788003588E6 /* covidAppTests */,
				562206FD2ED8F788003588E6 /* covidAppUITests */,
				562206E42ED8F787003588E6 /* Products */,
			);
			sourceTree = "<group>";
		};
		562206E42ED8F787003588E6 /* Products */ = {
			isa = PBXGroup;
			children = (
				562206E32ED8F787003588E6 /* covidApp.app */,
				562206F02ED8F788003588E6 /* covidAppTests.xctest */,
				562206FA2ED8F788003588E6 /* covidAppUITests.xctest */,
			);
			name = Products;
			sourceTree = "<group>";
		};
		564404FD2ED910480019A0B8 /* Products */ = {
			isa = PBXGroup;
			name = Products;
			sourceTree = "<group>";
		};
/* End PBXGroup section */

/* Begin PBXNativeTarget section */
		562206E22ED8F787003588E6 /* covidApp */ = {
			isa = PBXNativeTarget;
			buildConfigurationList = 562207042ED8F788003588E6 /* Build configuration list for PBXNativeTarget "covidApp" */;
			buildPhases = (
				562206DF2ED8F787003588E6 /* Sources */,
				562206E02ED8F787003588E6 /* Frameworks */,
				562206E12ED8F787003588E6 /* Resources */,
			);
			buildRules = (
			);
			dependencies = (
			);
			fileSystemSynchronizedGroups = (
				562206E52ED8F787003588E6 /* covidApp */,
			);
			name = covidApp;
			packageProductDependencies = (
				563BF4D02ED8F9FD005F5609 /* Alamofire */,
				563BF4D32ED8FA09005F5609 /* SDWebImageSwiftUI */,
				563BF4D62ED8FA11005F5609 /* FlowStacks */,
			);
			productName = covidApp;
			productReference = 562206E32ED8F787003588E6 /* covidApp.app */;
			productType = "com.apple.product-type.application";
		};
		562206EF2ED8F788003588E6 /* covidAppTests */ = {
			isa = PBXNativeTarget;
			buildConfigurationList = 562207072ED8F788003588E6 /* Build configuration list for PBXNativeTarget "covidAppTests" */;
			buildPhases = (
				562206EC2ED8F788003588E6 /* Sources */,
				562206ED2ED8F788003588E6 /* Frameworks */,
				562206EE2ED8F788003588E6 /* Resources */,
			);
			buildRules = (
			);
			dependencies = (
				562206F22ED8F788003588E6 /* PBXTargetDependency */,
			);
			fileSystemSynchronizedGroups = (
				562206F32ED8F788003588E6 /* covidAppTests */,
			);
			name = covidAppTests;
			packageProductDependencies = (
			);
			productName = covidAppTests;
			productReference = 562206F02ED8F788003588E6 /* covidAppTests.xctest */;
			productType = "com.apple.product-type.bundle.unit-test";
		};
		562206F92ED8F788003588E6 /* covidAppUITests */ = {
			isa = PBXNativeTarget;
			buildConfigurationList = 5622070A2ED8F788003588E6 /* Build configuration list for PBXNativeTarget "covidAppUITests" */;
			buildPhases = (
				562206F62ED8F788003588E6 /* Sources */,
				562206F72ED8F788003588E6 /* Frameworks */,
				562206F82ED8F788003588E6 /* Resources */,
			);
			buildRules = (
			);
			dependencies = (
				562206FC2ED8F788003588E6 /* PBXTargetDependency */,
			);
			fileSystemSynchronizedGroups = (
				562206FD2ED8F788003588E6 /* covidAppUITests */,
			);
			name = covidAppUITests;
			packageProductDependencies = (
			);
			productName = covidAppUITests;
			productReference = 562206FA2ED8F788003588E6 /* covidAppUITests.xctest */;
			productType = "com.apple.product-type.bundle.ui-testing";
		};
/* End PBXNativeTarget section */

/* Begin PBXProject section */
		562206DB2ED8F787003588E6 /* Project object */ = {
			isa = PBXProject;
			attributes = {
				BuildIndependentTargetsInParallel = 1;
				LastSwiftUpdateCheck = 2610;
				LastUpgradeCheck = 2610;
				TargetAttributes = {
					562206E22ED8F787003588E6 = {
						CreatedOnToolsVersion = 26.1.1;
					};
					562206EF2ED8F788003588E6 = {
						CreatedOnToolsVersion = 26.1.1;
						TestTargetID = 562206E22ED8F787003588E6;
					};
					562206F92ED8F788003588E6 = {
						CreatedOnToolsVersion = 26.1.1;
						TestTargetID = 562206E22ED8F787003588E6;
					};
				};
			};
			buildConfigurationList = 562206DE2ED8F787003588E6 /* Build configuration list for PBXProject "covidApp" */;
			developmentRegion = en;
			hasScannedForEncodings = 0;
			knownRegions = (
				en,
				Base,
			);
			mainGroup = 562206DA2ED8F787003588E6;
			minimizedProjectReferenceProxies = 1;
			packageReferences = (
				563BF4CF2ED8F9FD005F5609 /* XCRemoteSwiftPackageReference "Alamofire" */,
				563BF4D22ED8FA09005F5609 /* XCRemoteSwiftPackageReference "SDWebImageSwiftUI" */,
				563BF4D52ED8FA11005F5609 /* XCRemoteSwiftPackageReference "FlowStacks" */,
			);
			preferredProjectObjectVersion = 77;
			productRefGroup = 562206E42ED8F787003588E6 /* Products */;
			projectDirPath = "";
			projectReferences = (
				{
					ProductGroup = 564404FD2ED910480019A0B8 /* Products */;
					ProjectRef = 564404FB2ED910480019A0B8 /* covidApp.xcodeproj */;
				},
			);
			projectRoot = "";
			targets = (
				562206E22ED8F787003588E6 /* covidApp */,
				562206EF2ED8F788003588E6 /* covidAppTests */,
				562206F92ED8F788003588E6 /* covidAppUITests */,
			);
		};
/* End PBXProject section */

/* Begin PBXResourcesBuildPhase section */
		562206E12ED8F787003588E6 /* Resources */ = {
			isa = PBXResourcesBuildPhase;
			buildActionMask = 2147483647;
			files = (
			);
			runOnlyForDeploymentPostprocessing = 0;
		};
		562206EE2ED8F788003588E6 /* Resources */ = {
			isa = PBXResourcesBuildPhase;
			buildActionMask = 2147483647;
			files = (
			);
			runOnlyForDeploymentPostprocessing = 0;
		};
		562206F82ED8F788003588E6 /* Resources */ = {
			isa = PBXResourcesBuildPhase;
			buildActionMask = 2147483647;
			files = (
			);
			runOnlyForDeploymentPostprocessing = 0;
		};
/* End PBXResourcesBuildPhase section */

/* Begin PBXSourcesBuildPhase section */
		562206DF2ED8F787003588E6 /* Sources */ = {
			isa = PBXSourcesBuildPhase;
			buildActionMask = 2147483647;
			files = (
			);
			runOnlyForDeploymentPostprocessing = 0;
		};
		562206EC2ED8F788003588E6 /* Sources */ = {
			isa = PBXSourcesBuildPhase;
			buildActionMask = 2147483647;
			files = (
			);
			runOnlyForDeploymentPostprocessing = 0;
		};
		562206F62ED8F788003588E6 /* Sources */ = {
			isa = PBXSourcesBuildPhase;
			buildActionMask = 2147483647;
			files = (
			);
			runOnlyForDeploymentPostprocessing = 0;
		};
/* End PBXSourcesBuildPhase section */

/* Begin PBXTargetDependency section */
		562206F22ED8F788003588E6 /* PBXTargetDependency */ = {
			isa = PBXTargetDependency;
			target = 562206E22ED8F787003588E6 /* covidApp */;
			targetProxy = 562206F12ED8F788003588E6 /* PBXContainerItemProxy */;
		};
		562206FC2ED8F788003588E6 /* PBXTargetDependency */ = {
			isa = PBXTargetDependency;
			target = 562206E22ED8F787003588E6 /* covidApp */;
			targetProxy = 562206FB2ED8F788003588E6 /* PBXContainerItemProxy */;
		};
/* End PBXTargetDependency section */

/* Begin XCBuildConfiguration section */
		562207022ED8F788003588E6 /* Debug */ = {
			isa = XCBuildConfiguration;
			buildSettings = {
				ALWAYS_SEARCH_USER_PATHS = NO;
				ASSETCATALOG_COMPILER_GENERATE_SWIFT_ASSET_SYMBOL_EXTENSIONS = YES;
				CLANG_ANALYZER_NONNULL = YES;
				CLANG_ANALYZER_NUMBER_OBJECT_CONVERSION = YES_AGGRESSIVE;
				CLANG_CXX_LANGUAGE_STANDARD = "gnu++20";
				CLANG_ENABLE_MODULES = YES;
				CLANG_ENABLE_OBJC_ARC = YES;
				CLANG_ENABLE_OBJC_WEAK = YES;
				CLANG_WARN_BLOCK_CAPTURE_AUTORELEASING = YES;
				CLANG_WARN_BOOL_CONVERSION = YES;
				CLANG_WARN_COMMA = YES;
				CLANG_WARN_CONSTANT_CONVERSION = YES;
				CLANG_WARN_DEPRECATED_OBJC_IMPLEMENTATIONS = YES;
				CLANG_WARN_DIRECT_OBJC_ISA_USAGE = YES_ERROR;
				CLANG_WARN_DOCUMENTATION_COMMENTS = YES;
				CLANG_WARN_EMPTY_BODY = YES;
				CLANG_WARN_ENUM_CONVERSION = YES;
				CLANG_WARN_INFINITE_RECURSION = YES;
				CLANG_WARN_INT_CONVERSION = YES;
				CLANG_WARN_NON_LITERAL_NULL_CONVERSION = YES;
				CLANG_WARN_OBJC_IMPLICIT_RETAIN_SELF = YES;
				CLANG_WARN_OBJC_LITERAL_CONVERSION = YES;
				CLANG_WARN_OBJC_ROOT_CLASS = YES_ERROR;
				CLANG_WARN_QUOTED_INCLUDE_IN_FRAMEWORK_HEADER = YES;
				CLANG_WARN_RANGE_LOOP_ANALYSIS = YES;
				CLANG_WARN_STRICT_PROTOTYPES = YES;
				CLANG_WARN_SUSPICIOUS_MOVE = YES;
				CLANG_WARN_UNGUARDED_AVAILABILITY = YES_AGGRESSIVE;
				CLANG_WARN_UNREACHABLE_CODE = YES;
				CLANG_WARN__DUPLICATE_METHOD_MATCH = YES;
				COPY_PHASE_STRIP = NO;
				DEBUG_INFORMATION_FORMAT = dwarf;
				DEVELOPMENT_TEAM = Z3F42G8JZM;
				ENABLE_STRICT_OBJC_MSGSEND = YES;
				ENABLE_TESTABILITY = YES;
				ENABLE_USER_SCRIPT_SANDBOXING = YES;
				GCC_C_LANGUAGE_STANDARD = gnu17;
				GCC_DYNAMIC_NO_PIC = NO;
				GCC_NO_COMMON_BLOCKS = YES;
				GCC_OPTIMIZATION_LEVEL = 0;
				GCC_PREPROCESSOR_DEFINITIONS = (
					"DEBUG=1",
					"$(inherited)",
				);
				GCC_WARN_64_TO_32_BIT_CONVERSION = YES;
				GCC_WARN_ABOUT_RETURN_TYPE = YES_ERROR;
				GCC_WARN_UNDECLARED_SELECTOR = YES;
				GCC_WARN_UNINITIALIZED_AUTOS = YES_AGGRESSIVE;
				GCC_WARN_UNUSED_FUNCTION = YES;
				GCC_WARN_UNUSED_VARIABLE = YES;
				IPHONEOS_DEPLOYMENT_TARGET = 26.1;
				LOCALIZATION_PREFERS_STRING_CATALOGS = YES;
				MTL_ENABLE_DEBUG_INFO = INCLUDE_SOURCE;
				MTL_FAST_MATH = YES;
				ONLY_ACTIVE_ARCH = YES;
				SDKROOT = iphoneos;
				SWIFT_ACTIVE_COMPILATION_CONDITIONS = "DEBUG $(inherited)";
				SWIFT_OPTIMIZATION_LEVEL = "-Onone";
			};
			name = Debug;
		};
		562207032ED8F788003588E6 /* Release */ = {
			isa = XCBuildConfiguration;
			buildSettings = {
				ALWAYS_SEARCH_USER_PATHS = NO;
				ASSETCATALOG_COMPILER_GENERATE_SWIFT_ASSET_SYMBOL_EXTENSIONS = YES;
				CLANG_ANALYZER_NONNULL = YES;
				CLANG_ANALYZER_NUMBER_OBJECT_CONVERSION = YES_AGGRESSIVE;
				CLANG_CXX_LANGUAGE_STANDARD = "gnu++20";
				CLANG_ENABLE_MODULES = YES;
				CLANG_ENABLE_OBJC_ARC = YES;
				CLANG_ENABLE_OBJC_WEAK = YES;
				CLANG_WARN_BLOCK_CAPTURE_AUTORELEASING = YES;
				CLANG_WARN_BOOL_CONVERSION = YES;
				CLANG_WARN_COMMA = YES;
				CLANG_WARN_CONSTANT_CONVERSION = YES;
				CLANG_WARN_DEPRECATED_OBJC_IMPLEMENTATIONS = YES;
				CLANG_WARN_DIRECT_OBJC_ISA_USAGE = YES_ERROR;
				CLANG_WARN_DOCUMENTATION_COMMENTS = YES;
				CLANG_WARN_EMPTY_BODY = YES;
				CLANG_WARN_ENUM_CONVERSION = YES;
				CLANG_WARN_INFINITE_RECURSION = YES;
				CLANG_WARN_INT_CONVERSION = YES;
				CLANG_WARN_NON_LITERAL_NULL_CONVERSION = YES;
				CLANG_WARN_OBJC_IMPLICIT_RETAIN_SELF = YES;
				CLANG_WARN_OBJC_LITERAL_CONVERSION = YES;
				CLANG_WARN_OBJC_ROOT_CLASS = YES_ERROR;
				CLANG_WARN_QUOTED_INCLUDE_IN_FRAMEWORK_HEADER = YES;
				CLANG_WARN_RANGE_LOOP_ANALYSIS = YES;
				CLANG_WARN_STRICT_PROTOTYPES = YES;
				CLANG_WARN_SUSPICIOUS_MOVE = YES;
				CLANG_WARN_UNGUARDED_AVAILABILITY = YES_AGGRESSIVE;
				CLANG_WARN_UNREACHABLE_CODE = YES;
				CLANG_WARN__DUPLICATE_METHOD_MATCH = YES;
				COPY_PHASE_STRIP = NO;
				DEBUG_INFORMATION_FORMAT = "dwarf-with-dsym";
				DEVELOPMENT_TEAM = Z3F42G8JZM;
				ENABLE_NS_ASSERTIONS = NO;
				ENABLE_STRICT_OBJC_MSGSEND = YES;
				ENABLE_USER_SCRIPT_SANDBOXING = YES;
				GCC_C_LANGUAGE_STANDARD = gnu17;
				GCC_NO_COMMON_BLOCKS = YES;
				GCC_WARN_64_TO_32_BIT_CONVERSION = YES;
				GCC_WARN_ABOUT_RETURN_TYPE = YES_ERROR;
				GCC_WARN_UNDECLARED_SELECTOR = YES;
				GCC_WARN_UNINITIALIZED_AUTOS = YES_AGGRESSIVE;
				GCC_WARN_UNUSED_FUNCTION = YES;
				GCC_WARN_UNUSED_VARIABLE = YES;
				IPHONEOS_DEPLOYMENT_TARGET = 26.1;
				LOCALIZATION_PREFERS_STRING_CATALOGS = YES;
				MTL_ENABLE_DEBUG_INFO = NO;
				MTL_FAST_MATH = YES;
				SDKROOT = iphoneos;
				SWIFT_COMPILATION_MODE = wholemodule;
				VALIDATE_PRODUCT = YES;
			};
			name = Release;
		};
		562207052ED8F788003588E6 /* Debug */ = {
			isa = XCBuildConfiguration;
			buildSettings = {
				ASSETCATALOG_COMPILER_APPICON_NAME = AppIcon;
				ASSETCATALOG_COMPILER_GLOBAL_ACCENT_COLOR_NAME = AccentColor;
				CODE_SIGN_STYLE = Automatic;
				CURRENT_PROJECT_VERSION = 1;
				DEVELOPMENT_TEAM = Z3F42G8JZM;
				ENABLE_PREVIEWS = YES;
				GENERATE_INFOPLIST_FILE = YES;
				INFOPLIST_KEY_UIApplicationSceneManifest_Generation = YES;
				INFOPLIST_KEY_UIApplicationSupportsIndirectInputEvents = YES;
				INFOPLIST_KEY_UILaunchScreen_Generation = YES;
				INFOPLIST_KEY_UISupportedInterfaceOrientations_iPad = "UIInterfaceOrientationPortrait UIInterfaceOrientationPortraitUpsideDown UIInterfaceOrientationLandscapeLeft UIInterfaceOrientationLandscapeRight";
				INFOPLIST_KEY_UISupportedInterfaceOrientations_iPhone = "UIInterfaceOrientationPortrait UIInterfaceOrientationLandscapeLeft UIInterfaceOrientationLandscapeRight";
				LD_RUNPATH_SEARCH_PATHS = (
					"$(inherited)",
					"@executable_path/Frameworks",
				);
				MARKETING_VERSION = 1.0;
				PRODUCT_BUNDLE_IDENTIFIER = com.example.covidApp;
				PRODUCT_NAME = "$(TARGET_NAME)";
				STRING_CATALOG_GENERATE_SYMBOLS = YES;
				SWIFT_APPROACHABLE_CONCURRENCY = YES;
				SWIFT_DEFAULT_ACTOR_ISOLATION = MainActor;
				SWIFT_EMIT_LOC_STRINGS = YES;
				SWIFT_UPCOMING_FEATURE_MEMBER_IMPORT_VISIBILITY = YES;
				SWIFT_VERSION = 5.0;
				TARGETED_DEVICE_FAMILY = "1,2";
			};
			name = Debug;
		};
		562207062ED8F788003588E6 /* Release */ = {
			isa = XCBuildConfiguration;
			buildSettings = {
				ASSETCATALOG_COMPILER_APPICON_NAME = AppIcon;
				ASSETCATALOG_COMPILER_GLOBAL_ACCENT_COLOR_NAME = AccentColor;
				CODE_SIGN_STYLE = Automatic;
				CURRENT_PROJECT_VERSION = 1;
				DEVELOPMENT_TEAM = Z3F42G8JZM;
				ENABLE_PREVIEWS = YES;
				GENERATE_INFOPLIST_FILE = YES;
				INFOPLIST_KEY_UIApplicationSceneManifest_Generation = YES;
				INFOPLIST_KEY_UIApplicationSupportsIndirectInputEvents = YES;
				INFOPLIST_KEY_UILaunchScreen_Generation = YES;
				INFOPLIST_KEY_UISupportedInterfaceOrientations_iPad = "UIInterfaceOrientationPortrait UIInterfaceOrientationPortraitUpsideDown UIInterfaceOrientationLandscapeLeft UIInterfaceOrientationLandscapeRight";
				INFOPLIST_KEY_UISupportedInterfaceOrientations_iPhone = "UIInterfaceOrientationPortrait UIInterfaceOrientationLandscapeLeft UIInterfaceOrientationLandscapeRight";
				LD_RUNPATH_SEARCH_PATHS = (
					"$(inherited)",
					"@executable_path/Frameworks",
				);
				MARKETING_VERSION = 1.0;
				PRODUCT_BUNDLE_IDENTIFIER = com.example.covidApp;
				PRODUCT_NAME = "$(TARGET_NAME)";
				STRING_CATALOG_GENERATE_SYMBOLS = YES;
				SWIFT_APPROACHABLE_CONCURRENCY = YES;
				SWIFT_DEFAULT_ACTOR_ISOLATION = MainActor;
				SWIFT_EMIT_LOC_STRINGS = YES;
				SWIFT_UPCOMING_FEATURE_MEMBER_IMPORT_VISIBILITY = YES;
				SWIFT_VERSION = 5.0;
				TARGETED_DEVICE_FAMILY = "1,2";
			};
			name = Release;
		};
		562207082ED8F788003588E6 /* Debug */ = {
			isa = XCBuildConfiguration;
			buildSettings = {
				BUNDLE_LOADER = "$(TEST_HOST)";
				CODE_SIGN_STYLE = Automatic;
				CURRENT_PROJECT_VERSION = 1;
				DEVELOPMENT_TEAM = Z3F42G8JZM;
				GENERATE_INFOPLIST_FILE = YES;
				IPHONEOS_DEPLOYMENT_TARGET = 26.1;
				MARKETING_VERSION = 1.0;
				PRODUCT_BUNDLE_IDENTIFIER = com.example.covidAppTests;
				PRODUCT_NAME = "$(TARGET_NAME)";
				STRING_CATALOG_GENERATE_SYMBOLS = NO;
				SWIFT_APPROACHABLE_CONCURRENCY = YES;
				SWIFT_EMIT_LOC_STRINGS = NO;
				SWIFT_UPCOMING_FEATURE_MEMBER_IMPORT_VISIBILITY = YES;
				SWIFT_VERSION = 5.0;
				TARGETED_DEVICE_FAMILY = "1,2";
				TEST_HOST = "$(BUILT_PRODUCTS_DIR)/covidApp.app/$(BUNDLE_EXECUTABLE_FOLDER_PATH)/covidApp";
			};
			name = Debug;
		};
		562207092ED8F788003588E6 /* Release */ = {
			isa = XCBuildConfiguration;
			buildSettings = {
				BUNDLE_LOADER = "$(TEST_HOST)";
				CODE_SIGN_STYLE = Automatic;
				CURRENT_PROJECT_VERSION = 1;
				DEVELOPMENT_TEAM = Z3F42G8JZM;
				GENERATE_INFOPLIST_FILE = YES;
				IPHONEOS_DEPLOYMENT_TARGET = 26.1;
				MARKETING_VERSION = 1.0;
				PRODUCT_BUNDLE_IDENTIFIER = com.example.covidAppTests;
				PRODUCT_NAME = "$(TARGET_NAME)";
				STRING_CATALOG_GENERATE_SYMBOLS = NO;
				SWIFT_APPROACHABLE_CONCURRENCY = YES;
				SWIFT_EMIT_LOC_STRINGS = NO;
				SWIFT_UPCOMING_FEATURE_MEMBER_IMPORT_VISIBILITY = YES;
				SWIFT_VERSION = 5.0;
				TARGETED_DEVICE_FAMILY = "1,2";
				TEST_HOST = "$(BUILT_PRODUCTS_DIR)/covidApp.app/$(BUNDLE_EXECUTABLE_FOLDER_PATH)/covidApp";
			};
			name = Release;
		};
		5622070B2ED8F788003588E6 /* Debug */ = {
			isa = XCBuildConfiguration;
			buildSettings = {
				CODE_SIGN_STYLE = Automatic;
				CURRENT_PROJECT_VERSION = 1;
				DEVELOPMENT_TEAM = Z3F42G8JZM;
				GENERATE_INFOPLIST_FILE = YES;
				MARKETING_VERSION = 1.0;
				PRODUCT_BUNDLE_IDENTIFIER = com.example.covidAppUITests;
				PRODUCT_NAME = "$(TARGET_NAME)";
				STRING_CATALOG_GENERATE_SYMBOLS = NO;
				SWIFT_APPROACHABLE_CONCURRENCY = YES;
				SWIFT_EMIT_LOC_STRINGS = NO;
				SWIFT_UPCOMING_FEATURE_MEMBER_IMPORT_VISIBILITY = YES;
				SWIFT_VERSION = 5.0;
				TARGETED_DEVICE_FAMILY = "1,2";
				TEST_TARGET_NAME = covidApp;
			};
			name = Debug;
		};
		5622070C2ED8F788003588E6 /* Release */ = {
			isa = XCBuildConfiguration;
			buildSettings = {
				CODE_SIGN_STYLE = Automatic;
				CURRENT_PROJECT_VERSION = 1;
				DEVELOPMENT_TEAM = Z3F42G8JZM;
				GENERATE_INFOPLIST_FILE = YES;
				MARKETING_VERSION = 1.0;
				PRODUCT_BUNDLE_IDENTIFIER = com.example.covidAppUITests;
				PRODUCT_NAME = "$(TARGET_NAME)";
				STRING_CATALOG_GENERATE_SYMBOLS = NO;
				SWIFT_APPROACHABLE_CONCURRENCY = YES;
				SWIFT_EMIT_LOC_STRINGS = NO;
				SWIFT_UPCOMING_FEATURE_MEMBER_IMPORT_VISIBILITY = YES;
				SWIFT_VERSION = 5.0;
				TARGETED_DEVICE_FAMILY = "1,2";
				TEST_TARGET_NAME = covidApp;
			};
			name = Release;
		};
/* End XCBuildConfiguration section */

/* Begin XCConfigurationList section */
		562206DE2ED8F787003588E6 /* Build configuration list for PBXProject "covidApp" */ = {
			isa = XCConfigurationList;
			buildConfigurations = (
				562207022ED8F788003588E6 /* Debug */,
				562207032ED8F788003588E6 /* Release */,
			);
			defaultConfigurationIsVisible = 0;
			defaultConfigurationName = Release;
		};
		562207042ED8F788003588E6 /* Build configuration list for PBXNativeTarget "covidApp" */ = {
			isa = XCConfigurationList;
			buildConfigurations = (
				562207052ED8F788003588E6 /* Debug */,
				562207062ED8F788003588E6 /* Release */,
			);
			defaultConfigurationIsVisible = 0;
			defaultConfigurationName = Release;
		};
		562207072ED8F788003588E6 /* Build configuration list for PBXNativeTarget "covidAppTests" */ = {
			isa = XCConfigurationList;
			buildConfigurations = (
				562207082ED8F788003588E6 /* Debug */,
				562207092ED8F788003588E6 /* Release */,
			);
			defaultConfigurationIsVisible = 0;
			defaultConfigurationName = Release;
		};
		5622070A2ED8F788003588E6 /* Build configuration list for PBXNativeTarget "covidAppUITests" */ = {
			isa = XCConfigurationList;
			buildConfigurations = (
				5622070B2ED8F788003588E6 /* Debug */,
				5622070C2ED8F788003588E6 /* Release */,
			);
			defaultConfigurationIsVisible = 0;
			defaultConfigurationName = Release;
		};
/* End XCConfigurationList section */

/* Begin XCRemoteSwiftPackageReference section */
		563BF4CF2ED8F9FD005F5609 /* XCRemoteSwiftPackageReference "Alamofire" */ = {
			isa = XCRemoteSwiftPackageReference;
			repositoryURL = "https://github.com/Alamofire/Alamofire.git";
			requirement = {
				kind = upToNextMajorVersion;
				minimumVersion = 5.10.2;
			};
		};
		563BF4D22ED8FA09005F5609 /* XCRemoteSwiftPackageReference "SDWebImageSwiftUI" */ = {
			isa = XCRemoteSwiftPackageReference;
			repositoryURL = "https://github.com/SDWebImage/SDWebImageSwiftUI";
			requirement = {
				kind = upToNextMajorVersion;
				minimumVersion = 3.1.4;
			};
		};
		563BF4D52ED8FA11005F5609 /* XCRemoteSwiftPackageReference "FlowStacks" */ = {
			isa = XCRemoteSwiftPackageReference;
			repositoryURL = "https://github.com/johnpatrickmorgan/FlowStacks";
			requirement = {
				kind = upToNextMajorVersion;
				minimumVersion = 0.10.12;
			};
		};
/* End XCRemoteSwiftPackageReference section */

/* Begin XCSwiftPackageProductDependency section */
		563BF4D02ED8F9FD005F5609 /* Alamofire */ = {
			isa = XCSwiftPackageProductDependency;
			package = 563BF4CF2ED8F9FD005F5609 /* XCRemoteSwiftPackageReference "Alamofire" */;
			productName = Alamofire;
		};
		563BF4D32ED8FA09005F5609 /* SDWebImageSwiftUI */ = {
			isa = XCSwiftPackageProductDependency;
			package = 563BF4D22ED8FA09005F5609 /* XCRemoteSwiftPackageReference "SDWebImageSwiftUI" */;
			productName = SDWebImageSwiftUI;
		};
		563BF4D62ED8FA11005F5609 /* FlowStacks */ = {
			isa = XCSwiftPackageProductDependency;
			package = 563BF4D52ED8FA11005F5609 /* XCRemoteSwiftPackageReference "FlowStacks" */;
			productName = FlowStacks;
		};
/* End XCSwiftPackageProductDependency section */
	};
	rootObject = 562206DB2ED8F787003588E6 /* Project object */;
}
